
Microsoft Visual Studio Solution File, Format Version 12.00
# Visual Studio Version 17
VisualStudioVersion = 17.5.33530.505
MinimumVisualStudioVersion = 10.0.40219.1
Project("{FAE04EC0-301F-11D3-BF4B-00C04F79EFBC}") = "TicTacToe", "TicTacToe\TicTacToe.csproj", "{C53D556A-832F-4DD1-9950-46A0D4A1AF1A}"
EndProject
Global
	GlobalSection(SolutionConfigurationPlatforms) = preSolution
		Debug|Any CPU = Debug|Any CPU
		Release|Any CPU = Release|Any CPU
	EndGlobalSection
	GlobalSection(ProjectConfigurationPlatforms) = postSolution
		{C53D556A-832F-4DD1-9950-46A0D4A1AF1A}.Debug|Any CPU.ActiveCfg = Debug|Any CPU
		{C53D556A-832F-4DD1-9950-46A0D4A1AF1A}.Debug|Any CPU.Build.0 = Debug|Any CPU
		{C53D556A-832F-4DD1-9950-46A0D4A1AF1A}.Release|Any CPU.ActiveCfg = Release|Any CPU
		{C53D556A-832F-4DD1-9950-46A0D4A1AF1A}.Release|Any CPU.Build.0 = Release|Any CPU
	EndGlobalSection
	GlobalSection(SolutionProperties) = preSolution
		HideSolutionNode = FALSE
	EndGlobalSection
	GlobalSection(ExtensibilityGlobals) = postSolution
		SolutionGuid = {69C08DD9-27BF-420C-BB12-D71D35925C60}
	EndGlobalSection
EndGlobal
